
Microsoft Visual Studio Solution File, Format Version 12.00
# Visual Studio Version 16
VisualStudioVersion = 16.0.31702.278
MinimumVisualStudioVersion = 10.0.40219.1
Project("{9A19103F-16F7-4668-BE54-9A1E7A4F7556}") = "WpfGestionContra", "WpfGestionContra\WpfGestionContra.csproj", "{DB0C32EA-D127-4216-8344-6E944FDA27B8}"
EndProject
Global
	GlobalSection(SolutionConfigurationPlatforms) = preSolution
		Debug|Any CPU = Debug|Any CPU
		Release|Any CPU = Release|Any CPU
	EndGlobalSection
	GlobalSection(ProjectConfigurationPlatforms) = postSolution
		{DB0C32EA-D127-4216-8344-6E944FDA27B8}.Debug|Any CPU.ActiveCfg = Debug|Any CPU
		{DB0C32EA-D127-4216-8344-6E944FDA27B8}.Debug|Any CPU.Build.0 = Debug|Any CPU
		{DB0C32EA-D127-4216-8344-6E944FDA27B8}.Release|Any CPU.ActiveCfg = Release|Any CPU
		{DB0C32EA-D127-4216-8344-6E944FDA27B8}.Release|Any CPU.Build.0 = Release|Any CPU
	EndGlobalSection
	GlobalSection(SolutionProperties) = preSolution
		HideSolutionNode = FALSE
	EndGlobalSection
	GlobalSection(ExtensibilityGlobals) = postSolution
		SolutionGuid = {819BB13B-A5E9-458B-86E3-8663FD6F3983}
	EndGlobalSection
EndGlobal
